# THIS IS AN AUTOGENERATED FILE. DO NOT EDIT THIS FILE DIRECTLY.
# yarn lockfile v1


tree@^0.1.3:
  version "0.1.3"
  resolved "https://registry.yarnpkg.com/tree/-/tree-0.1.3.tgz#14fba573d7853009c4ccef44f7409fac7162938f"
  integrity sha1-FPulc9eFMAnEzO9E90CfrHFik48=
  dependencies:
    "0" underscore

underscore@:
  version "1.9.2"
  resolved "https://registry.yarnpkg.com/underscore/-/underscore-1.9.2.tgz#0c8d6f536d6f378a5af264a72f7bec50feb7cf2f"
  integrity sha512-D39qtimx0c1fI3ya1Lnhk3E9nONswSKhnffBI0gME9C99fYOkNi04xs8K6pePLhvl1frbDemkaBQ5ikWllR2HQ==
